
Microsoft Visual Studio Solution File, Format Version 12.00
# Visual Studio Version 17
VisualStudioVersion = 17.1.32319.34
MinimumVisualStudioVersion = 10.0.40219.1
Project("{FAE04EC0-301F-11D3-BF4B-00C04F79EFBC}") = "Final Project Assignment", "Final Project Assignment\Final Project Assignment.csproj", "{CA356B3C-0B78-462A-A6C3-77401A3C1AD9}"
EndProject
Global
	GlobalSection(SolutionConfigurationPlatforms) = preSolution
		Debug|Any CPU = Debug|Any CPU
		Release|Any CPU = Release|Any CPU
	EndGlobalSection
	GlobalSection(ProjectConfigurationPlatforms) = postSolution
		{CA356B3C-0B78-462A-A6C3-77401A3C1AD9}.Debug|Any CPU.ActiveCfg = Debug|Any CPU
		{CA356B3C-0B78-462A-A6C3-77401A3C1AD9}.Debug|Any CPU.Build.0 = Debug|Any CPU
		{CA356B3C-0B78-462A-A6C3-77401A3C1AD9}.Release|Any CPU.ActiveCfg = Release|Any CPU
		{CA356B3C-0B78-462A-A6C3-77401A3C1AD9}.Release|Any CPU.Build.0 = Release|Any CPU
	EndGlobalSection
	GlobalSection(SolutionProperties) = preSolution
		HideSolutionNode = FALSE
	EndGlobalSection
	GlobalSection(ExtensibilityGlobals) = postSolution
		SolutionGuid = {79F1BF7E-7EA5-4EF4-9CB5-B15C36122D2D}
	EndGlobalSection
EndGlobal
